// !$*UTF8*$!
{
	archiveVersion = 1;
	classes = {
	};
	objectVersion = 56;
	objects = {

/* Begin PBXBuildFile section */
		08F2690D29071C980035B8B0 /* AppDelegate.swift in Sources */ = {isa = PBXBuildFile; fileRef = 08F2690C29071C980035B8B0 /* AppDelegate.swift */; };
		08F2690F29071C980035B8B0 /* SceneDelegate.swift in Sources */ = {isa = PBXBuildFile; fileRef = 08F2690E29071C980035B8B0 /* SceneDelegate.swift */; };
		08F2691429071C980035B8B0 /* Main.storyboard in Resources */ = {isa = PBXBuildFile; fileRef = 08F2691229071C980035B8B0 /* Main.storyboard */; };
		08F2691629071C9A0035B8B0 /* Assets.xcassets in Resources */ = {isa = PBXBuildFile; fileRef = 08F2691529071C9A0035B8B0 /* Assets.xcassets */; };
		08F2691929071C9A0035B8B0 /* LaunchScreen.storyboard in Resources */ = {isa = PBXBuildFile; fileRef = 08F2691729071C9A0035B8B0 /* LaunchScreen.storyboard */; };
		3000257B29088338005DCC10 /* Topic.swift in Sources */ = {isa = PBXBuildFile; fileRef = 3000257A29088338005DCC10 /* Topic.swift */; };
		3000258029088A28005DCC10 /* TopicsViewController.swift in Sources */ = {isa = PBXBuildFile; fileRef = 3000257F29088A28005DCC10 /* TopicsViewController.swift */; };
		30002588290899A2005DCC10 /* TopicsInfoViewController.swift in Sources */ = {isa = PBXBuildFile; fileRef = 30002587290899A2005DCC10 /* TopicsInfoViewController.swift */; };
		30050574290933AE0009C5AB /* TeamViewController.swift in Sources */ = {isa = PBXBuildFile; fileRef = 30050573290933AE0009C5AB /* TeamViewController.swift */; };
		300505762909367E0009C5AB /* Team.swift in Sources */ = {isa = PBXBuildFile; fileRef = 300505752909367E0009C5AB /* Team.swift */; };
		C2A97EA4290B2DE00035F7F3 /* AppDescription.swift in Sources */ = {isa = PBXBuildFile; fileRef = C2A97EA3290B2DE00035F7F3 /* AppDescription.swift */; };
		C2A97EA6290B2FD20035F7F3 /* AboutAppViewController.swift in Sources */ = {isa = PBXBuildFile; fileRef = C2A97EA5290B2FD20035F7F3 /* AboutAppViewController.swift */; };
/* End PBXBuildFile section */

/* Begin PBXFileReference section */
		08F2690929071C980035B8B0 /* SwiftHelper.app */ = {isa = PBXFileReference; explicitFileType = wrapper.application; includeInIndex = 0; path = SwiftHelper.app; sourceTree = BUILT_PRODUCTS_DIR; };
		08F2690C29071C980035B8B0 /* AppDelegate.swift */ = {isa = PBXFileReference; lastKnownFileType = sourcecode.swift; path = AppDelegate.swift; sourceTree = "<group>"; };
		08F2690E29071C980035B8B0 /* SceneDelegate.swift */ = {isa = PBXFileReference; lastKnownFileType = sourcecode.swift; path = SceneDelegate.swift; sourceTree = "<group>"; };
		08F2691329071C980035B8B0 /* Base */ = {isa = PBXFileReference; lastKnownFileType = file.storyboard; name = Base; path = Base.lproj/Main.storyboard; sourceTree = "<group>"; };
		08F2691529071C9A0035B8B0 /* Assets.xcassets */ = {isa = PBXFileReference; lastKnownFileType = folder.assetcatalog; path = Assets.xcassets; sourceTree = "<group>"; };
		08F2691829071C9A0035B8B0 /* Base */ = {isa = PBXFileReference; lastKnownFileType = file.storyboard; name = Base; path = Base.lproj/LaunchScreen.storyboard; sourceTree = "<group>"; };
		08F2691A29071C9A0035B8B0 /* Info.plist */ = {isa = PBXFileReference; lastKnownFileType = text.plist.xml; path = Info.plist; sourceTree = "<group>"; };
		3000257A29088338005DCC10 /* Topic.swift */ = {isa = PBXFileReference; lastKnownFileType = sourcecode.swift; path = Topic.swift; sourceTree = "<group>"; };
		3000257F29088A28005DCC10 /* TopicsViewController.swift */ = {isa = PBXFileReference; lastKnownFileType = sourcecode.swift; path = TopicsViewController.swift; sourceTree = "<group>"; };
		30002587290899A2005DCC10 /* TopicsInfoViewController.swift */ = {isa = PBXFileReference; lastKnownFileType = sourcecode.swift; path = TopicsInfoViewController.swift; sourceTree = "<group>"; };
		30050573290933AE0009C5AB /* TeamViewController.swift */ = {isa = PBXFileReference; lastKnownFileType = sourcecode.swift; path = TeamViewController.swift; sourceTree = "<group>"; };
		300505752909367E0009C5AB /* Team.swift */ = {isa = PBXFileReference; lastKnownFileType = sourcecode.swift; path = Team.swift; sourceTree = "<group>"; };
		C2A97EA3290B2DE00035F7F3 /* AppDescription.swift */ = {isa = PBXFileReference; lastKnownFileType = sourcecode.swift; path = AppDescription.swift; sourceTree = "<group>"; };
		C2A97EA5290B2FD20035F7F3 /* AboutAppViewController.swift */ = {isa = PBXFileReference; lastKnownFileType = sourcecode.swift; path = AboutAppViewController.swift; sourceTree = "<group>"; };
/* End PBXFileReference section */

/* Begin PBXFrameworksBuildPhase section */
		08F2690629071C980035B8B0 /* Frameworks */ = {
			isa = PBXFrameworksBuildPhase;
			buildActionMask = 2147483647;
			files = (
			);
			runOnlyForDeploymentPostprocessing = 0;
		};
/* End PBXFrameworksBuildPhase section */

/* Begin PBXGroup section */
		08F2690029071C980035B8B0 = {
			isa = PBXGroup;
			children = (
				08F2690B29071C980035B8B0 /* SwiftHelper */,
				08F2690A29071C980035B8B0 /* Products */,
			);
			sourceTree = "<group>";
		};
		08F2690A29071C980035B8B0 /* Products */ = {
			isa = PBXGroup;
			children = (
				08F2690929071C980035B8B0 /* SwiftHelper.app */,
			);
			name = Products;
			sourceTree = "<group>";
		};
		08F2690B29071C980035B8B0 /* SwiftHelper */ = {
			isa = PBXGroup;
			children = (
				3000257929088006005DCC10 /* Models */,
				3000257729087FDE005DCC10 /* ViewControllers */,
				3000257629087FD7005DCC10 /* Storyboards */,
				3000257829087FE7005DCC10 /* Sources */,
				3000257529087FCF005DCC10 /* App */,
			);
			path = SwiftHelper;
			sourceTree = "<group>";
		};
		3000257529087FCF005DCC10 /* App */ = {
			isa = PBXGroup;
			children = (
				08F2690C29071C980035B8B0 /* AppDelegate.swift */,
				08F2690E29071C980035B8B0 /* SceneDelegate.swift */,
				08F2691A29071C9A0035B8B0 /* Info.plist */,
			);
			path = App;
			sourceTree = "<group>";
		};
		3000257629087FD7005DCC10 /* Storyboards */ = {
			isa = PBXGroup;
			children = (
				08F2691229071C980035B8B0 /* Main.storyboard */,
				08F2691729071C9A0035B8B0 /* LaunchScreen.storyboard */,
			);
			path = Storyboards;
			sourceTree = "<group>";
		};
		3000257729087FDE005DCC10 /* ViewControllers */ = {
			isa = PBXGroup;
			children = (
				3000257F29088A28005DCC10 /* TopicsViewController.swift */,
				30002587290899A2005DCC10 /* TopicsInfoViewController.swift */,
				30050573290933AE0009C5AB /* TeamViewController.swift */,
				C2A97EA5290B2FD20035F7F3 /* AboutAppViewController.swift */,
			);
			path = ViewControllers;
			sourceTree = "<group>";
		};
		3000257829087FE7005DCC10 /* Sources */ = {
			isa = PBXGroup;
			children = (
				08F2691529071C9A0035B8B0 /* Assets.xcassets */,
			);
			path = Sources;
			sourceTree = "<group>";
		};
		3000257929088006005DCC10 /* Models */ = {
			isa = PBXGroup;
			children = (
				3000257A29088338005DCC10 /* Topic.swift */,
				300505752909367E0009C5AB /* Team.swift */,
				C2A97EA3290B2DE00035F7F3 /* AppDescription.swift */,
			);
			path = Models;
			sourceTree = "<group>";
		};
/* End PBXGroup section */

/* Begin PBXNativeTarget section */
		08F2690829071C980035B8B0 /* SwiftHelper */ = {
			isa = PBXNativeTarget;
			buildConfigurationList = 08F2691D29071C9A0035B8B0 /* Build configuration list for PBXNativeTarget "SwiftHelper" */;
			buildPhases = (
				08F2690529071C980035B8B0 /* Sources */,
				08F2690629071C980035B8B0 /* Frameworks */,
				08F2690729071C980035B8B0 /* Resources */,
			);
			buildRules = (
			);
			dependencies = (
			);
			name = SwiftHelper;
			productName = SwiftHelper;
			productReference = 08F2690929071C980035B8B0 /* SwiftHelper.app */;
			productType = "com.apple.product-type.application";
		};
/* End PBXNativeTarget section */

/* Begin PBXProject section */
		08F2690129071C980035B8B0 /* Project object */ = {
			isa = PBXProject;
			attributes = {
				BuildIndependentTargetsInParallel = 1;
				LastSwiftUpdateCheck = 1400;
				LastUpgradeCheck = 1400;
				TargetAttributes = {
					08F2690829071C980035B8B0 = {
						CreatedOnToolsVersion = 14.0;
					};
				};
			};
			buildConfigurationList = 08F2690429071C980035B8B0 /* Build configuration list for PBXProject "SwiftHelper" */;
			compatibilityVersion = "Xcode 14.0";
			developmentRegion = en;
			hasScannedForEncodings = 0;
			knownRegions = (
				en,
				Base,
			);
			mainGroup = 08F2690029071C980035B8B0;
			productRefGroup = 08F2690A29071C980035B8B0 /* Products */;
			projectDirPath = "";
			projectRoot = "";
			targets = (
				08F2690829071C980035B8B0 /* SwiftHelper */,
			);
		};
/* End PBXProject section */

/* Begin PBXResourcesBuildPhase section */
		08F2690729071C980035B8B0 /* Resources */ = {
			isa = PBXResourcesBuildPhase;
			buildActionMask = 2147483647;
			files = (
				08F2691929071C9A0035B8B0 /* LaunchScreen.storyboard in Resources */,
				08F2691629071C9A0035B8B0 /* Assets.xcassets in Resources */,
				08F2691429071C980035B8B0 /* Main.storyboard in Resources */,
			);
			runOnlyForDeploymentPostprocessing = 0;
		};
/* End PBXResourcesBuildPhase section */

/* Begin PBXSourcesBuildPhase section */
		08F2690529071C980035B8B0 /* Sources */ = {
			isa = PBXSourcesBuildPhase;
			buildActionMask = 2147483647;
			files = (
				30002588290899A2005DCC10 /* TopicsInfoViewController.swift in Sources */,
				3000258029088A28005DCC10 /* TopicsViewController.swift in Sources */,
				3000257B29088338005DCC10 /* Topic.swift in Sources */,
				C2A97EA4290B2DE00035F7F3 /* AppDescription.swift in Sources */,
				08F2690D29071C980035B8B0 /* AppDelegate.swift in Sources */,
				300505762909367E0009C5AB /* Team.swift in Sources */,
				08F2690F29071C980035B8B0 /* SceneDelegate.swift in Sources */,
				C2A97EA6290B2FD20035F7F3 /* AboutAppViewController.swift in Sources */,
				30050574290933AE0009C5AB /* TeamViewController.swift in Sources */,
			);
			runOnlyForDeploymentPostprocessing = 0;
		};
/* End PBXSourcesBuildPhase section */

/* Begin PBXVariantGroup section */
		08F2691229071C980035B8B0 /* Main.storyboard */ = {
			isa = PBXVariantGroup;
			children = (
				08F2691329071C980035B8B0 /* Base */,
			);
			name = Main.storyboard;
			sourceTree = "<group>";
		};
		08F2691729071C9A0035B8B0 /* LaunchScreen.storyboard */ = {
			isa = PBXVariantGroup;
			children = (
				08F2691829071C9A0035B8B0 /* Base */,
			);
			name = LaunchScreen.storyboard;
			sourceTree = "<group>";
		};
/* End PBXVariantGroup section */

/* Begin XCBuildConfiguration section */
		08F2691B29071C9A0035B8B0 /* Debug */ = {
			isa = XCBuildConfiguration;
			buildSettings = {
				ALWAYS_SEARCH_USER_PATHS = NO;
				CLANG_ANALYZER_NONNULL = YES;
				CLANG_ANALYZER_NUMBER_OBJECT_CONVERSION = YES_AGGRESSIVE;
				CLANG_CXX_LANGUAGE_STANDARD = "gnu++20";
				CLANG_ENABLE_MODULES = YES;
				CLANG_ENABLE_OBJC_ARC = YES;
				CLANG_ENABLE_OBJC_WEAK = YES;
				CLANG_WARN_BLOCK_CAPTURE_AUTORELEASING = YES;
				CLANG_WARN_BOOL_CONVERSION = YES;
				CLANG_WARN_COMMA = YES;
				CLANG_WARN_CONSTANT_CONVERSION = YES;
				CLANG_WARN_DEPRECATED_OBJC_IMPLEMENTATIONS = YES;
				CLANG_WARN_DIRECT_OBJC_ISA_USAGE = YES_ERROR;
				CLANG_WARN_DOCUMENTATION_COMMENTS = YES;
				CLANG_WARN_EMPTY_BODY = YES;
				CLANG_WARN_ENUM_CONVERSION = YES;
				CLANG_WARN_INFINITE_RECURSION = YES;
				CLANG_WARN_INT_CONVERSION = YES;
				CLANG_WARN_NON_LITERAL_NULL_CONVERSION = YES;
				CLANG_WARN_OBJC_IMPLICIT_RETAIN_SELF = YES;
				CLANG_WARN_OBJC_LITERAL_CONVERSION = YES;
				CLANG_WARN_OBJC_ROOT_CLASS = YES_ERROR;
				CLANG_WARN_QUOTED_INCLUDE_IN_FRAMEWORK_HEADER = YES;
				CLANG_WARN_RANGE_LOOP_ANALYSIS = YES;
				CLANG_WARN_STRICT_PROTOTYPES = YES;
				CLANG_WARN_SUSPICIOUS_MOVE = YES;
				CLANG_WARN_UNGUARDED_AVAILABILITY = YES_AGGRESSIVE;
				CLANG_WARN_UNREACHABLE_CODE = YES;
				CLANG_WARN__DUPLICATE_METHOD_MATCH = YES;
				COPY_PHASE_STRIP = NO;
				DEBUG_INFORMATION_FORMAT = dwarf;
				ENABLE_STRICT_OBJC_MSGSEND = YES;
				ENABLE_TESTABILITY = YES;
				GCC_C_LANGUAGE_STANDARD = gnu11;
				GCC_DYNAMIC_NO_PIC = NO;
				GCC_NO_COMMON_BLOCKS = YES;
				GCC_OPTIMIZATION_LEVEL = 0;
				GCC_PREPROCESSOR_DEFINITIONS = (
					"DEBUG=1",
					"$(inherited)",
				);
				GCC_WARN_64_TO_32_BIT_CONVERSION = YES;
				GCC_WARN_ABOUT_RETURN_TYPE = YES_ERROR;
				GCC_WARN_UNDECLARED_SELECTOR = YES;
				GCC_WARN_UNINITIALIZED_AUTOS = YES_AGGRESSIVE;
				GCC_WARN_UNUSED_FUNCTION = YES;
				GCC_WARN_UNUSED_VARIABLE = YES;
				IPHONEOS_DEPLOYMENT_TARGET = 16.0;
				MTL_ENABLE_DEBUG_INFO = INCLUDE_SOURCE;
				MTL_FAST_MATH = YES;
				ONLY_ACTIVE_ARCH = YES;
				SDKROOT = iphoneos;
				SWIFT_ACTIVE_COMPILATION_CONDITIONS = DEBUG;
				SWIFT_OPTIMIZATION_LEVEL = "-Onone";
			};
			name = Debug;
		};
		08F2691C29071C9A0035B8B0 /* Release */ = {
			isa = XCBuildConfiguration;
			buildSettings = {
				ALWAYS_SEARCH_USER_PATHS = NO;
				CLANG_ANALYZER_NONNULL = YES;
				CLANG_ANALYZER_NUMBER_OBJECT_CONVERSION = YES_AGGRESSIVE;
				CLANG_CXX_LANGUAGE_STANDARD = "gnu++20";
				CLANG_ENABLE_MODULES = YES;
				CLANG_ENABLE_OBJC_ARC = YES;
				CLANG_ENABLE_OBJC_WEAK = YES;
				CLANG_WARN_BLOCK_CAPTURE_AUTORELEASING = YES;
				CLANG_WARN_BOOL_CONVERSION = YES;
				CLANG_WARN_COMMA = YES;
				CLANG_WARN_CONSTANT_CONVERSION = YES;
				CLANG_WARN_DEPRECATED_OBJC_IMPLEMENTATIONS = YES;
				CLANG_WARN_DIRECT_OBJC_ISA_USAGE = YES_ERROR;
				CLANG_WARN_DOCUMENTATION_COMMENTS = YES;
				CLANG_WARN_EMPTY_BODY = YES;
				CLANG_WARN_ENUM_CONVERSION = YES;
				CLANG_WARN_INFINITE_RECURSION = YES;
				CLANG_WARN_INT_CONVERSION = YES;
				CLANG_WARN_NON_LITERAL_NULL_CONVERSION = YES;
				CLANG_WARN_OBJC_IMPLICIT_RETAIN_SELF = YES;
				CLANG_WARN_OBJC_LITERAL_CONVERSION = YES;
				CLANG_WARN_OBJC_ROOT_CLASS = YES_ERROR;
				CLANG_WARN_QUOTED_INCLUDE_IN_FRAMEWORK_HEADER = YES;
				CLANG_WARN_RANGE_LOOP_ANALYSIS = YES;
				CLANG_WARN_STRICT_PROTOTYPES = YES;
				CLANG_WARN_SUSPICIOUS_MOVE = YES;
				CLANG_WARN_UNGUARDED_AVAILABILITY = YES_AGGRESSIVE;
				CLANG_WARN_UNREACHABLE_CODE = YES;
				CLANG_WARN__DUPLICATE_METHOD_MATCH = YES;
				COPY_PHASE_STRIP = NO;
				DEBUG_INFORMATION_FORMAT = "dwarf-with-dsym";
				ENABLE_NS_ASSERTIONS = NO;
				ENABLE_STRICT_OBJC_MSGSEND = YES;
				GCC_C_LANGUAGE_STANDARD = gnu11;
				GCC_NO_COMMON_BLOCKS = YES;
				GCC_WARN_64_TO_32_BIT_CONVERSION = YES;
				GCC_WARN_ABOUT_RETURN_TYPE = YES_ERROR;
				GCC_WARN_UNDECLARED_SELECTOR = YES;
				GCC_WARN_UNINITIALIZED_AUTOS = YES_AGGRESSIVE;
				GCC_WARN_UNUSED_FUNCTION = YES;
				GCC_WARN_UNUSED_VARIABLE = YES;
				IPHONEOS_DEPLOYMENT_TARGET = 16.0;
				MTL_ENABLE_DEBUG_INFO = NO;
				MTL_FAST_MATH = YES;
				SDKROOT = iphoneos;
				SWIFT_COMPILATION_MODE = wholemodule;
				SWIFT_OPTIMIZATION_LEVEL = "-O";
				VALIDATE_PRODUCT = YES;
			};
			name = Release;
		};
		08F2691E29071C9A0035B8B0 /* Debug */ = {
			isa = XCBuildConfiguration;
			buildSettings = {
				ASSETCATALOG_COMPILER_APPICON_NAME = AppIcon;
				ASSETCATALOG_COMPILER_GLOBAL_ACCENT_COLOR_NAME = AccentColor;
				CODE_SIGN_STYLE = Automatic;
				CURRENT_PROJECT_VERSION = 1;
				DEVELOPMENT_TEAM = Z69HT693PK;
				GENERATE_INFOPLIST_FILE = YES;
				INFOPLIST_FILE = SwiftHelper/App/Info.plist;
				INFOPLIST_KEY_UIApplicationSupportsIndirectInputEvents = YES;
				INFOPLIST_KEY_UILaunchStoryboardName = LaunchScreen;
				INFOPLIST_KEY_UIMainStoryboardFile = Main;
				INFOPLIST_KEY_UISupportedInterfaceOrientations = UIInterfaceOrientationPortrait;
				INFOPLIST_KEY_UISupportedInterfaceOrientations_iPad = "UIInterfaceOrientationLandscapeLeft UIInterfaceOrientationLandscapeRight UIInterfaceOrientationPortrait UIInterfaceOrientationPortraitUpsideDown";
				IPHONEOS_DEPLOYMENT_TARGET = 15.5;
				LD_RUNPATH_SEARCH_PATHS = (
					"$(inherited)",
					"@executable_path/Frameworks",
				);
				MARKETING_VERSION = 1.0;
				PRODUCT_BUNDLE_IDENTIFIER = com.artvs18;
				PRODUCT_NAME = "$(TARGET_NAME)";
				SUPPORTED_PLATFORMS = "iphoneos iphonesimulator";
				SUPPORTS_MACCATALYST = NO;
				SUPPORTS_MAC_DESIGNED_FOR_IPHONE_IPAD = NO;
				SWIFT_EMIT_LOC_STRINGS = YES;
				SWIFT_VERSION = 5.0;
				TARGETED_DEVICE_FAMILY = 1;
			};
			name = Debug;
		};
		08F2691F29071C9A0035B8B0 /* Release */ = {
			isa = XCBuildConfiguration;
			buildSettings = {
				ASSETCATALOG_COMPILER_APPICON_NAME = AppIcon;
				ASSETCATALOG_COMPILER_GLOBAL_ACCENT_COLOR_NAME = AccentColor;
				CODE_SIGN_STYLE = Automatic;
				CURRENT_PROJECT_VERSION = 1;
				DEVELOPMENT_TEAM = Z69HT693PK;
				GENERATE_INFOPLIST_FILE = YES;
				INFOPLIST_FILE = SwiftHelper/App/Info.plist;
				INFOPLIST_KEY_UIApplicationSupportsIndirectInputEvents = YES;
				INFOPLIST_KEY_UILaunchStoryboardName = LaunchScreen;
				INFOPLIST_KEY_UIMainStoryboardFile = Main;
				INFOPLIST_KEY_UISupportedInterfaceOrientations = UIInterfaceOrientationPortrait;
				INFOPLIST_KEY_UISupportedInterfaceOrientations_iPad = "UIInterfaceOrientationLandscapeLeft UIInterfaceOrientationLandscapeRight UIInterfaceOrientationPortrait UIInterfaceOrientationPortraitUpsideDown";
				IPHONEOS_DEPLOYMENT_TARGET = 15.5;
				LD_RUNPATH_SEARCH_PATHS = (
					"$(inherited)",
					"@executable_path/Frameworks",
				);
				MARKETING_VERSION = 1.0;
				PRODUCT_BUNDLE_IDENTIFIER = com.artvs18;
				PRODUCT_NAME = "$(TARGET_NAME)";
				SUPPORTED_PLATFORMS = "iphoneos iphonesimulator";
				SUPPORTS_MACCATALYST = NO;
				SUPPORTS_MAC_DESIGNED_FOR_IPHONE_IPAD = NO;
				SWIFT_EMIT_LOC_STRINGS = YES;
				SWIFT_VERSION = 5.0;
				TARGETED_DEVICE_FAMILY = 1;
			};
			name = Release;
		};
/* End XCBuildConfiguration section */

/* Begin XCConfigurationList section */
		08F2690429071C980035B8B0 /* Build configuration list for PBXProject "SwiftHelper" */ = {
			isa = XCConfigurationList;
			buildConfigurations = (
				08F2691B29071C9A0035B8B0 /* Debug */,
				08F2691C29071C9A0035B8B0 /* Release */,
			);
			defaultConfigurationIsVisible = 0;
			defaultConfigurationName = Release;
		};
		08F2691D29071C9A0035B8B0 /* Build configuration list for PBXNativeTarget "SwiftHelper" */ = {
			isa = XCConfigurationList;
			buildConfigurations = (
				08F2691E29071C9A0035B8B0 /* Debug */,
				08F2691F29071C9A0035B8B0 /* Release */,
			);
			defaultConfigurationIsVisible = 0;
			defaultConfigurationName = Release;
		};
/* End XCConfigurationList section */
	};
	rootObject = 08F2690129071C980035B8B0 /* Project object */;
}
